// !$*UTF8*$!
{
	archiveVersion = 1;
	classes = {
	};
	objectVersion = 46;
	objects = {

/* Begin PBXBuildFile section */
		4B3FF7171F87DB8D006F9094 /* main.m in Sources */ = {isa = PBXBuildFile; fileRef = 4B3FF7161F87DB8D006F9094 /* main.m */; };
		4B3FF71A1F87DB8D006F9094 /* AppDelegate.m in Sources */ = {isa = PBXBuildFile; fileRef = 4B3FF7191F87DB8D006F9094 /* AppDelegate.m */; };
		4B3FF71D1F87DB8D006F9094 /* ViewController.mm in Sources */ = {isa = PBXBuildFile; fileRef = 4B3FF71C1F87DB8D006F9094 /* ViewController.mm */; };
		4B3FF7201F87DB8D006F9094 /* Main.storyboard in Resources */ = {isa = PBXBuildFile; fileRef = 4B3FF71E1F87DB8D006F9094 /* Main.storyboard */; };
		4B3FF7221F87DB8D006F9094 /* Assets.xcassets in Resources */ = {isa = PBXBuildFile; fileRef = 4B3FF7211F87DB8D006F9094 /* Assets.xcassets */; };
		4B3FF7251F87DB8D006F9094 /* LaunchScreen.storyboard in Resources */ = {isa = PBXBuildFile; fileRef = 4B3FF7231F87DB8D006F9094 /* LaunchScreen.storyboard */; };
/* End PBXBuildFile section */

/* Begin PBXFileReference section */
		4B3FF7121F87DB8D006F9094 /* GettingStarted.app */ = {isa = PBXFileReference; explicitFileType = wrapper.application; includeInIndex = 0; path = GettingStarted.app; sourceTree = BUILT_PRODUCTS_DIR; };
		4B3FF7161F87DB8D006F9094 /* main.m */ = {isa = PBXFileReference; lastKnownFileType = sourcecode.c.objc; path = main.m; sourceTree = "<group>"; };
		4B3FF7181F87DB8D006F9094 /* AppDelegate.h */ = {isa = PBXFileReference; lastKnownFileType = sourcecode.c.h; path = AppDelegate.h; sourceTree = "<group>"; };
		4B3FF7191F87DB8D006F9094 /* AppDelegate.m */ = {isa = PBXFileReference; lastKnownFileType = sourcecode.c.objc; path = AppDelegate.m; sourceTree = "<group>"; };
		4B3FF71B1F87DB8D006F9094 /* ViewController.h */ = {isa = PBXFileReference; lastKnownFileType = sourcecode.c.h; path = ViewController.h; sourceTree = "<group>"; };
		4B3FF71C1F87DB8D006F9094 /* ViewController.mm */ = {isa = PBXFileReference; lastKnownFileType = sourcecode.cpp.objcpp; path = ViewController.mm; sourceTree = "<group>"; };
		4B3FF71F1F87DB8D006F9094 /* Base */ = {isa = PBXFileReference; lastKnownFileType = file.storyboard; name = Base; path = Base.lproj/Main.storyboard; sourceTree = "<group>"; };
		4B3FF7211F87DB8D006F9094 /* Assets.xcassets */ = {isa = PBXFileReference; lastKnownFileType = folder.assetcatalog; path = Assets.xcassets; sourceTree = "<group>"; };
		4B3FF7241F87DB8D006F9094 /* Base */ = {isa = PBXFileReference; lastKnownFileType = file.storyboard; name = Base; path = Base.lproj/LaunchScreen.storyboard; sourceTree = "<group>"; };
		4B3FF7261F87DB8D006F9094 /* Info.plist */ = {isa = PBXFileReference; lastKnownFileType = text.plist.xml; path = Info.plist; sourceTree = "<group>"; };
/* End PBXFileReference section */

/* Begin PBXFrameworksBuildPhase section */
		4B3FF70F1F87DB8D006F9094 /* Frameworks */ = {
			isa = PBXFrameworksBuildPhase;
			buildActionMask = 2147483647;
			files = (
			);
			runOnlyForDeploymentPostprocessing = 0;
		};
/* End PBXFrameworksBuildPhase section */

/* Begin PBXGroup section */
		4B3FF7091F87DB8D006F9094 = {
			isa = PBXGroup;
			children = (
				4B3FF7141F87DB8D006F9094 /* GettingStarted */,
				4B3FF7131F87DB8D006F9094 /* Products */,
			);
			sourceTree = "<group>";
		};
		4B3FF7131F87DB8D006F9094 /* Products */ = {
			isa = PBXGroup;
			children = (
				4B3FF7121F87DB8D006F9094 /* GettingStarted.app */,
			);
			name = Products;
			sourceTree = "<group>";
		};
		4B3FF7141F87DB8D006F9094 /* GettingStarted */ = {
			isa = PBXGroup;
			children = (
				4B3FF7181F87DB8D006F9094 /* AppDelegate.h */,
				4B3FF7191F87DB8D006F9094 /* AppDelegate.m */,
				4B3FF71B1F87DB8D006F9094 /* ViewController.h */,
				4B3FF71C1F87DB8D006F9094 /* ViewController.mm */,
				4B3FF71E1F87DB8D006F9094 /* Main.storyboard */,
				4B3FF7211F87DB8D006F9094 /* Assets.xcassets */,
				4B3FF7231F87DB8D006F9094 /* LaunchScreen.storyboard */,
				4B3FF7261F87DB8D006F9094 /* Info.plist */,
				4B3FF7151F87DB8D006F9094 /* Supporting Files */,
			);
			path = GettingStarted;
			sourceTree = "<group>";
		};
		4B3FF7151F87DB8D006F9094 /* Supporting Files */ = {
			isa = PBXGroup;
			children = (
				4B3FF7161F87DB8D006F9094 /* main.m */,
			);
			name = "Supporting Files";
			sourceTree = "<group>";
		};
/* End PBXGroup section */

/* Begin PBXNativeTarget section */
		4B3FF7111F87DB8D006F9094 /* GettingStarted */ = {
			isa = PBXNativeTarget;
			buildConfigurationList = 4B3FF7291F87DB8D006F9094 /* Build configuration list for PBXNativeTarget "GettingStarted" */;
			buildPhases = (
				4B3FF70E1F87DB8D006F9094 /* Sources */,
				4B3FF70F1F87DB8D006F9094 /* Frameworks */,
				4B3FF7101F87DB8D006F9094 /* Resources */,
			);
			buildRules = (
			);
			dependencies = (
			);
			name = GettingStarted;
			productName = GettingStarted;
			productReference = 4B3FF7121F87DB8D006F9094 /* GettingStarted.app */;
			productType = "com.apple.product-type.application";
		};
/* End PBXNativeTarget section */

/* Begin PBXProject section */
		4B3FF70A1F87DB8D006F9094 /* Project object */ = {
			isa = PBXProject;
			attributes = {
				LastUpgradeCheck = 0830;
				ORGANIZATIONNAME = MyOrganization;
				TargetAttributes = {
					4B3FF7111F87DB8D006F9094 = {
						CreatedOnToolsVersion = 8.3.3;
						ProvisioningStyle = Automatic;
					};
				};
			};
			buildConfigurationList = 4B3FF70D1F87DB8D006F9094 /* Build configuration list for PBXProject "GettingStarted" */;
			compatibilityVersion = "Xcode 3.2";
			developmentRegion = English;
			hasScannedForEncodings = 0;
			knownRegions = (
				en,
				Base,
			);
			mainGroup = 4B3FF7091F87DB8D006F9094;
			productRefGroup = 4B3FF7131F87DB8D006F9094 /* Products */;
			projectDirPath = "";
			projectRoot = "";
			targets = (
				4B3FF7111F87DB8D006F9094 /* GettingStarted */,
			);
		};
/* End PBXProject section */

/* Begin PBXResourcesBuildPhase section */
		4B3FF7101F87DB8D006F9094 /* Resources */ = {
			isa = PBXResourcesBuildPhase;
			buildActionMask = 2147483647;
			files = (
				4B3FF7251F87DB8D006F9094 /* LaunchScreen.storyboard in Resources */,
				4B3FF7221F87DB8D006F9094 /* Assets.xcassets in Resources */,
				4B3FF7201F87DB8D006F9094 /* Main.storyboard in Resources */,
			);
			runOnlyForDeploymentPostprocessing = 0;
		};
/* End PBXResourcesBuildPhase section */

/* Begin PBXSourcesBuildPhase section */
		4B3FF70E1F87DB8D006F9094 /* Sources */ = {
			isa = PBXSourcesBuildPhase;
			buildActionMask = 2147483647;
			files = (
				4B3FF71D1F87DB8D006F9094 /* ViewController.mm in Sources */,
				4B3FF71A1F87DB8D006F9094 /* AppDelegate.m in Sources */,
				4B3FF7171F87DB8D006F9094 /* main.m in Sources */,
			);
			runOnlyForDeploymentPostprocessing = 0;
		};
/* End PBXSourcesBuildPhase section */

/* Begin PBXVariantGroup section */
		4B3FF71E1F87DB8D006F9094 /* Main.storyboard */ = {
			isa = PBXVariantGroup;
			children = (
				4B3FF71F1F87DB8D006F9094 /* Base */,
			);
			name = Main.storyboard;
			sourceTree = "<group>";
		};
		4B3FF7231F87DB8D006F9094 /* LaunchScreen.storyboard */ = {
			isa = PBXVariantGroup;
			children = (
				4B3FF7241F87DB8D006F9094 /* Base */,
			);
			name = LaunchScreen.storyboard;
			sourceTree = "<group>";
		};
/* End PBXVariantGroup section */

/* Begin XCBuildConfiguration section */
		4B3FF7271F87DB8D006F9094 /* Debug */ = {
			isa = XCBuildConfiguration;
			buildSettings = {
				ALWAYS_SEARCH_USER_PATHS = NO;
				CLANG_ANALYZER_NONNULL = YES;
				CLANG_ANALYZER_NUMBER_OBJECT_CONVERSION = YES_AGGRESSIVE;
				CLANG_CXX_LANGUAGE_STANDARD = "gnu++0x";
				CLANG_CXX_LIBRARY = "libc++";
				CLANG_ENABLE_MODULES = YES;
				CLANG_ENABLE_OBJC_ARC = YES;
				CLANG_WARN_BOOL_CONVERSION = YES;
				CLANG_WARN_CONSTANT_CONVERSION = YES;
				CLANG_WARN_DIRECT_OBJC_ISA_USAGE = YES_ERROR;
				CLANG_WARN_DOCUMENTATION_COMMENTS = YES;
				CLANG_WARN_EMPTY_BODY = YES;
				CLANG_WARN_ENUM_CONVERSION = YES;
				CLANG_WARN_INFINITE_RECURSION = YES;
				CLANG_WARN_INT_CONVERSION = YES;
				CLANG_WARN_OBJC_ROOT_CLASS = YES_ERROR;
				CLANG_WARN_SUSPICIOUS_MOVE = YES;
				CLANG_WARN_UNREACHABLE_CODE = YES;
				CLANG_WARN__DUPLICATE_METHOD_MATCH = YES;
				"CODE_SIGN_IDENTITY[sdk=iphoneos*]" = "iPhone Developer";
				COPY_PHASE_STRIP = NO;
				DEBUG_INFORMATION_FORMAT = dwarf;
				ENABLE_STRICT_OBJC_MSGSEND = YES;
				ENABLE_TESTABILITY = YES;
				GCC_C_LANGUAGE_STANDARD = gnu99;
				GCC_DYNAMIC_NO_PIC = NO;
				GCC_NO_COMMON_BLOCKS = YES;
				GCC_OPTIMIZATION_LEVEL = 0;
				GCC_PREPROCESSOR_DEFINITIONS = (
					"DEBUG=1",
					"$(inherited)",
				);
				GCC_WARN_64_TO_32_BIT_CONVERSION = YES;
				GCC_WARN_ABOUT_RETURN_TYPE = YES_ERROR;
				GCC_WARN_UNDECLARED_SELECTOR = YES;
				GCC_WARN_UNINITIALIZED_AUTOS = YES_AGGRESSIVE;
				GCC_WARN_UNUSED_FUNCTION = YES;
				GCC_WARN_UNUSED_VARIABLE = YES;
				IPHONEOS_DEPLOYMENT_TARGET = 10.3;
				MTL_ENABLE_DEBUG_INFO = YES;
				ONLY_ACTIVE_ARCH = YES;
				SDKROOT = iphoneos;
				TARGETED_DEVICE_FAMILY = "1,2";
			};
			name = Debug;
		};
		4B3FF7281F87DB8D006F9094 /* Release */ = {
			isa = XCBuildConfiguration;
			buildSettings = {
				ALWAYS_SEARCH_USER_PATHS = NO;
				CLANG_ANALYZER_NONNULL = YES;
				CLANG_ANALYZER_NUMBER_OBJECT_CONVERSION = YES_AGGRESSIVE;
				CLANG_CXX_LANGUAGE_STANDARD = "gnu++0x";
				CLANG_CXX_LIBRARY = "libc++";
				CLANG_ENABLE_MODULES = YES;
				CLANG_ENABLE_OBJC_ARC = YES;
				CLANG_WARN_BOOL_CONVERSION = YES;
				CLANG_WARN_CONSTANT_CONVERSION = YES;
				CLANG_WARN_DIRECT_OBJC_ISA_USAGE = YES_ERROR;
				CLANG_WARN_DOCUMENTATION_COMMENTS = YES;
				CLANG_WARN_EMPTY_BODY = YES;
				CLANG_WARN_ENUM_CONVERSION = YES;
				CLANG_WARN_INFINITE_RECURSION = YES;
				CLANG_WARN_INT_CONVERSION = YES;
				CLANG_WARN_OBJC_ROOT_CLASS = YES_ERROR;
				CLANG_WARN_SUSPICIOUS_MOVE = YES;
				CLANG_WARN_UNREACHABLE_CODE = YES;
				CLANG_WARN__DUPLICATE_METHOD_MATCH = YES;
				"CODE_SIGN_IDENTITY[sdk=iphoneos*]" = "iPhone Developer";
				COPY_PHASE_STRIP = NO;
				DEBUG_INFORMATION_FORMAT = "dwarf-with-dsym";
				ENABLE_NS_ASSERTIONS = NO;
				ENABLE_STRICT_OBJC_MSGSEND = YES;
				GCC_C_LANGUAGE_STANDARD = gnu99;
				GCC_NO_COMMON_BLOCKS = YES;
				GCC_WARN_64_TO_32_BIT_CONVERSION = YES;
				GCC_WARN_ABOUT_RETURN_TYPE = YES_ERROR;
				GCC_WARN_UNDECLARED_SELECTOR = YES;
				GCC_WARN_UNINITIALIZED_AUTOS = YES_AGGRESSIVE;
				GCC_WARN_UNUSED_FUNCTION = YES;
				GCC_WARN_UNUSED_VARIABLE = YES;
				IPHONEOS_DEPLOYMENT_TARGET = 10.3;
				MTL_ENABLE_DEBUG_INFO = NO;
				SDKROOT = iphoneos;
				TARGETED_DEVICE_FAMILY = "1,2";
				VALIDATE_PRODUCT = YES;
			};
			name = Release;
		};
		4B3FF72A1F87DB8D006F9094 /* Debug */ = {
			isa = XCBuildConfiguration;
			buildSettings = {
				ASSETCATALOG_COMPILER_APPICON_NAME = AppIcon;
				INFOPLIST_FILE = GettingStarted/Info.plist;
				LD_RUNPATH_SEARCH_PATHS = "$(inherited) @executable_path/Frameworks";
				PRODUCT_BUNDLE_IDENTIFIER = MyOrg.GettingStarted;
				PRODUCT_NAME = "$(TARGET_NAME)";
			};
			name = Debug;
		};
		4B3FF72B1F87DB8D006F9094 /* Release */ = {
			isa = XCBuildConfiguration;
			buildSettings = {
				ASSETCATALOG_COMPILER_APPICON_NAME = AppIcon;
				INFOPLIST_FILE = GettingStarted/Info.plist;
				LD_RUNPATH_SEARCH_PATHS = "$(inherited) @executable_path/Frameworks";
				PRODUCT_BUNDLE_IDENTIFIER = MyOrg.GettingStarted;
				PRODUCT_NAME = "$(TARGET_NAME)";
			};
			name = Release;
		};
/* End XCBuildConfiguration section */

/* Begin XCConfigurationList section */
		4B3FF70D1F87DB8D006F9094 /* Build configuration list for PBXProject "GettingStarted" */ = {
			isa = XCConfigurationList;
			buildConfigurations = (
				4B3FF7271F87DB8D006F9094 /* Debug */,
				4B3FF7281F87DB8D006F9094 /* Release */,
			);
			defaultConfigurationIsVisible = 0;
			defaultConfigurationName = Release;
		};
		4B3FF7291F87DB8D006F9094 /* Build configuration list for PBXNativeTarget "GettingStarted" */ = {
			isa = XCConfigurationList;
			buildConfigurations = (
				4B3FF72A1F87DB8D006F9094 /* Debug */,
				4B3FF72B1F87DB8D006F9094 /* Release */,
			);
			defaultConfigurationIsVisible = 0;
		};
/* End XCConfigurationList section */
	};
	rootObject = 4B3FF70A1F87DB8D006F9094 /* Project object */;
}
